
Microsoft Visual Studio Solution File, Format Version 12.00
# Visual Studio Version 16
VisualStudioVersion = 16.0.29503.13
MinimumVisualStudioVersion = 10.0.40219.1
Project("{FAE04EC0-301F-11D3-BF4B-00C04F79EFBC}") = "FirebasePushNotificaiton", "FirebasePushNotificaiton.csproj", "{7B50D517-3974-4307-8521-4A6C1415012E}"
EndProject
Global
	GlobalSection(SolutionConfigurationPlatforms) = preSolution
		Debug|Any CPU = Debug|Any CPU
		Release|Any CPU = Release|Any CPU
	EndGlobalSection
	GlobalSection(ProjectConfigurationPlatforms) = postSolution
		{7B50D517-3974-4307-8521-4A6C1415012E}.Debug|Any CPU.ActiveCfg = Debug|Any CPU
		{7B50D517-3974-4307-8521-4A6C1415012E}.Debug|Any CPU.Build.0 = Debug|Any CPU
		{7B50D517-3974-4307-8521-4A6C1415012E}.Release|Any CPU.ActiveCfg = Release|Any CPU
		{7B50D517-3974-4307-8521-4A6C1415012E}.Release|Any CPU.Build.0 = Release|Any CPU
	EndGlobalSection
	GlobalSection(SolutionProperties) = preSolution
		HideSolutionNode = FALSE
	EndGlobalSection
	GlobalSection(ExtensibilityGlobals) = postSolution
		SolutionGuid = {D78093B5-09D5-4D54-9CA9-98CF4AF381C4}
	EndGlobalSection
EndGlobal
